
Microsoft Visual Studio Solution File, Format Version 12.00
# Visual Studio Version 17
VisualStudioVersion = 17.3.32929.385
MinimumVisualStudioVersion = 10.0.40219.1
Project("{FAE04EC0-301F-11D3-BF4B-00C04F79EFBC}") = "Condicionais", "Condicionais\Condicionais.csproj", "{C91AEF30-B35A-4A0F-A8D8-ED385B9F1F75}"
EndProject
Global
	GlobalSection(SolutionConfigurationPlatforms) = preSolution
		Debug|Any CPU = Debug|Any CPU
		Release|Any CPU = Release|Any CPU
	EndGlobalSection
	GlobalSection(ProjectConfigurationPlatforms) = postSolution
		{C91AEF30-B35A-4A0F-A8D8-ED385B9F1F75}.Debug|Any CPU.ActiveCfg = Debug|Any CPU
		{C91AEF30-B35A-4A0F-A8D8-ED385B9F1F75}.Debug|Any CPU.Build.0 = Debug|Any CPU
		{C91AEF30-B35A-4A0F-A8D8-ED385B9F1F75}.Release|Any CPU.ActiveCfg = Release|Any CPU
		{C91AEF30-B35A-4A0F-A8D8-ED385B9F1F75}.Release|Any CPU.Build.0 = Release|Any CPU
	EndGlobalSection
	GlobalSection(SolutionProperties) = preSolution
		HideSolutionNode = FALSE
	EndGlobalSection
	GlobalSection(ExtensibilityGlobals) = postSolution
		SolutionGuid = {44B42BA0-026C-48BA-89A7-229325FBA048}
	EndGlobalSection
EndGlobal
