
Microsoft Visual Studio Solution File, Format Version 12.00
# Visual Studio Version 17
VisualStudioVersion = 17.3.32929.385
MinimumVisualStudioVersion = 10.0.40219.1
Project("{FAE04EC0-301F-11D3-BF4B-00C04F79EFBC}") = "Course5", "Course5\Course5.csproj", "{8A66BC02-A5F2-4049-9AE8-AA19B6EAB39F}"
EndProject
Global
	GlobalSection(SolutionConfigurationPlatforms) = preSolution
		Debug|Any CPU = Debug|Any CPU
		Release|Any CPU = Release|Any CPU
	EndGlobalSection
	GlobalSection(ProjectConfigurationPlatforms) = postSolution
		{8A66BC02-A5F2-4049-9AE8-AA19B6EAB39F}.Debug|Any CPU.ActiveCfg = Debug|Any CPU
		{8A66BC02-A5F2-4049-9AE8-AA19B6EAB39F}.Debug|Any CPU.Build.0 = Debug|Any CPU
		{8A66BC02-A5F2-4049-9AE8-AA19B6EAB39F}.Release|Any CPU.ActiveCfg = Release|Any CPU
		{8A66BC02-A5F2-4049-9AE8-AA19B6EAB39F}.Release|Any CPU.Build.0 = Release|Any CPU
	EndGlobalSection
	GlobalSection(SolutionProperties) = preSolution
		HideSolutionNode = FALSE
	EndGlobalSection
	GlobalSection(ExtensibilityGlobals) = postSolution
		SolutionGuid = {97182B02-2F8B-4B20-B4FC-872DE1977C3B}
	EndGlobalSection
EndGlobal
