
Microsoft Visual Studio Solution File, Format Version 12.00
# Visual Studio Version 17
VisualStudioVersion = 17.3.32929.385
MinimumVisualStudioVersion = 10.0.40219.1
Project("{FAE04EC0-301F-11D3-BF4B-00C04F79EFBC}") = "Course4", "Course4\Course4.csproj", "{911A1440-E8FC-4BA8-B9FE-BF256BFC337E}"
EndProject
Global
	GlobalSection(SolutionConfigurationPlatforms) = preSolution
		Debug|Any CPU = Debug|Any CPU
		Release|Any CPU = Release|Any CPU
	EndGlobalSection
	GlobalSection(ProjectConfigurationPlatforms) = postSolution
		{911A1440-E8FC-4BA8-B9FE-BF256BFC337E}.Debug|Any CPU.ActiveCfg = Debug|Any CPU
		{911A1440-E8FC-4BA8-B9FE-BF256BFC337E}.Debug|Any CPU.Build.0 = Debug|Any CPU
		{911A1440-E8FC-4BA8-B9FE-BF256BFC337E}.Release|Any CPU.ActiveCfg = Release|Any CPU
		{911A1440-E8FC-4BA8-B9FE-BF256BFC337E}.Release|Any CPU.Build.0 = Release|Any CPU
	EndGlobalSection
	GlobalSection(SolutionProperties) = preSolution
		HideSolutionNode = FALSE
	EndGlobalSection
	GlobalSection(ExtensibilityGlobals) = postSolution
		SolutionGuid = {556B6BC2-19D5-4147-AC5A-07621AB8B9AD}
	EndGlobalSection
EndGlobal
